<?xml version="1.0" encoding="UTF-8"?>
<Scheme
   LastUpgradeVersion = "1540"
   version = "1.7">
   <BuildAction
      parallelizeBuildables = "YES"
      buildImplicitDependencies = "YES"
      buildArchitectures = "Automatic">
      <PreActions>
         <ExecutionAction
            ActionType = "Xcode.IDEStandardExecutionActionsCore.ExecutionActionType.ShellScriptAction">
            <ActionContent
               title = "Run Script"
               scriptText = "# Type a script or drag a script file from your workspace to insert its path.&#10;configFilePath=&quot;${SRCROOT}/Development Environment/DevelopmentBuildConfig.xcconfig&quot;&#10;&gt; $configFilePath&#10;cat &quot;${SRCROOT}/.env&quot; &gt;&gt; $configFilePath&#10;">
               <EnvironmentBuildable>
                  <BuildableReference
                     BuildableIdentifier = "primary"
                     BlueprintIdentifier = "0F0E9A0A2A0B65E200E27010"
                     BuildableName = "LegisLink.app"
                     BlueprintName = "LegisLink"
                     ReferencedContainer = "container:LegisLink.xcodeproj">
                  </BuildableReference>
               </EnvironmentBuildable>
            </ActionContent>
         </ExecutionAction>
      </PreActions>
      <BuildActionEntries>
         <BuildActionEntry
            buildForTesting = "YES"
            buildForRunning = "YES"
            buildForProfiling = "YES"
            buildForArchiving = "YES"
            buildForAnalyzing = "YES">
            <BuildableReference
               BuildableIdentifier = "primary"
               BlueprintIdentifier = "0F0E9A0A2A0B65E200E27010"
               BuildableName = "LegisLink.app"
               BlueprintName = "LegisLink"
               ReferencedContainer = "container:LegisLink.xcodeproj">
            </BuildableReference>
         </BuildActionEntry>
      </BuildActionEntries>
   </BuildAction>
   <TestAction
      buildConfiguration = "Debug (Dev)"
      selectedDebuggerIdentifier = "Xcode.DebuggerFoundation.Debugger.LLDB"
      selectedLauncherIdentifier = "Xcode.DebuggerFoundation.Launcher.LLDB"
      shouldUseLaunchSchemeArgsEnv = "YES">
      <TestPlans>
         <TestPlanReference
            reference = "container:LegisLink-DEV.xctestplan"
            default = "YES">
         </TestPlanReference>
      </TestPlans>
   </TestAction>
   <LaunchAction
      buildConfiguration = "Debug (Dev)"
      selectedDebuggerIdentifier = "Xcode.DebuggerFoundation.Debugger.LLDB"
      selectedLauncherIdentifier = "Xcode.DebuggerFoundation.Launcher.LLDB"
      launchStyle = "0"
      useCustomWorkingDirectory = "NO"
      ignoresPersistentStateOnLaunch = "NO"
      debugDocumentVersioning = "YES"
      debugServiceExtension = "internal"
      allowLocationSimulation = "YES">
      <BuildableProductRunnable
         runnableDebuggingMode = "0">
         <BuildableReference
            BuildableIdentifier = "primary"
            BlueprintIdentifier = "0F0E9A0A2A0B65E200E27010"
            BuildableName = "LegisLink.app"
            BlueprintName = "LegisLink"
            ReferencedContainer = "container:LegisLink.xcodeproj">
         </BuildableReference>
      </BuildableProductRunnable>
      <EnvironmentVariables>
         <EnvironmentVariable
            key = "AWS_REGION"
            value = "us-east-2"
            isEnabled = "YES">
         </EnvironmentVariable>
         <EnvironmentVariable
            key = "AWS_ACCESS_KEY_ID"
            value = "AKIA2DM7N2CDDLRQGHU7"
            isEnabled = "YES">
         </EnvironmentVariable>
         <EnvironmentVariable
            key = "AWS_SECRET_ACCESS_KEY"
            value = "C5wA/ucRu385E7hnR5oGR2BCzMR/McaiYDqAtskJ"
            isEnabled = "YES">
         </EnvironmentVariable>
         <EnvironmentVariable
            key = "IDELogRedirectionPolicy"
            value = "oslogToStdio"
            isEnabled = "YES">
         </EnvironmentVariable>
      </EnvironmentVariables>
   </LaunchAction>
   <ProfileAction
      buildConfiguration = "Debug (Dev)"
      shouldUseLaunchSchemeArgsEnv = "YES"
      savedToolIdentifier = ""
      useCustomWorkingDirectory = "NO"
      debugDocumentVersioning = "YES">
      <BuildableProductRunnable
         runnableDebuggingMode = "0">
         <BuildableReference
            BuildableIdentifier = "primary"
            BlueprintIdentifier = "0F0E9A0A2A0B65E200E27010"
            BuildableName = "LegisLink.app"
            BlueprintName = "LegisLink"
            ReferencedContainer = "container:LegisLink.xcodeproj">
         </BuildableReference>
      </BuildableProductRunnable>
   </ProfileAction>
   <AnalyzeAction
      buildConfiguration = "Debug (Dev)">
   </AnalyzeAction>
   <ArchiveAction
      buildConfiguration = "Debug (Dev)"
      revealArchiveInOrganizer = "YES">
   </ArchiveAction>
</Scheme>
