<?xml version="1.0" encoding="UTF-8"?>
<Scheme
   LastUpgradeVersion = "1500"
   version = "1.7">
   <BuildAction
      parallelizeBuildables = "YES"
      buildImplicitDependencies = "YES">
      <BuildActionEntries>
         <BuildActionEntry
            buildForTesting = "YES"
            buildForRunning = "YES"
            buildForProfiling = "YES"
            buildForArchiving = "YES"
            buildForAnalyzing = "YES">
            <BuildableReference
               BuildableIdentifier = "primary"
               BlueprintIdentifier = "0F0E9A0A2A0B65E200E27010"
               BuildableName = "LegisLink.app"
               BlueprintName = "LegisLink"
               ReferencedContainer = "container:LegisLink.xcodeproj">
            </BuildableReference>
         </BuildActionEntry>
      </BuildActionEntries>
   </BuildAction>
   <TestAction
      buildConfiguration = "Debug"
      selectedDebuggerIdentifier = "Xcode.DebuggerFoundation.Debugger.LLDB"
      selectedLauncherIdentifier = "Xcode.DebuggerFoundation.Launcher.LLDB"
      shouldUseLaunchSchemeArgsEnv = "YES">
      <TestPlans>
         <TestPlanReference
            reference = "container:LegisLinkTS.xctestplan"
            default = "YES">
         </TestPlanReference>
      </TestPlans>
      <Testables>
         <TestableReference
            skipped = "YES"
            parallelizable = "YES">
            <BuildableReference
               BuildableIdentifier = "primary"
               BlueprintIdentifier = "0F71D53B2A74EC2F00B82F2C"
               BuildableName = "RepsTests.xctest"
               BlueprintName = "RepsTests"
               ReferencedContainer = "container:LegisLink.xcodeproj">
            </BuildableReference>
         </TestableReference>
         <TestableReference
            skipped = "NO"
            parallelizable = "YES">
            <BuildableReference
               BuildableIdentifier = "primary"
               BlueprintIdentifier = "0F14FD492A7A327800F91EF4"
               BuildableName = "townSquareTests.xctest"
               BlueprintName = "townSquareTests"
               ReferencedContainer = "container:LegisLink.xcodeproj">
            </BuildableReference>
         </TestableReference>
         <TestableReference
            skipped = "NO"
            parallelizable = "YES">
            <BuildableReference
               BuildableIdentifier = "primary"
               BlueprintIdentifier = "0F14FD562A7A339600F91EF4"
               BuildableName = "FindYourRepTests.xctest"
               BlueprintName = "FindYourRepTests"
               ReferencedContainer = "container:LegisLink.xcodeproj">
            </BuildableReference>
         </TestableReference>
         <TestableReference
            skipped = "NO"
            parallelizable = "YES">
            <BuildableReference
               BuildableIdentifier = "primary"
               BlueprintIdentifier = "0F16DE862A7C8E9A008471E2"
               BuildableName = "FindYourRepUITests.xctest"
               BlueprintName = "FindYourRepUITests"
               ReferencedContainer = "container:LegisLink.xcodeproj">
            </BuildableReference>
         </TestableReference>
         <TestableReference
            skipped = "NO"
            parallelizable = "YES">
            <BuildableReference
               BuildableIdentifier = "primary"
               BlueprintIdentifier = "0F2EB2D12B8A935A00E226B7"
               BuildableName = "DailyBillsTests.xctest"
               BlueprintName = "DailyBillsTests"
               ReferencedContainer = "container:LegisLink.xcodeproj">
            </BuildableReference>
         </TestableReference>
      </Testables>
   </TestAction>
   <LaunchAction
      buildConfiguration = "Debug"
      selectedDebuggerIdentifier = "Xcode.DebuggerFoundation.Debugger.LLDB"
      selectedLauncherIdentifier = "Xcode.DebuggerFoundation.Launcher.LLDB"
      launchStyle = "0"
      useCustomWorkingDirectory = "NO"
      ignoresPersistentStateOnLaunch = "NO"
      debugDocumentVersioning = "YES"
      debugServiceExtension = "internal"
      allowLocationSimulation = "YES">
      <BuildableProductRunnable
         runnableDebuggingMode = "0">
         <BuildableReference
            BuildableIdentifier = "primary"
            BlueprintIdentifier = "0F0E9A0A2A0B65E200E27010"
            BuildableName = "LegisLink.app"
            BlueprintName = "LegisLink"
            ReferencedContainer = "container:LegisLink.xcodeproj">
         </BuildableReference>
      </BuildableProductRunnable>
      <EnvironmentVariables>
         <EnvironmentVariable
            key = "Google_API_Key"
            value = "AIzaSyCgO3NR9RI4fH1WVUwZYhYqVf5rRY_q33k"
            isEnabled = "YES">
         </EnvironmentVariable>
         <EnvironmentVariable
            key = "CongressGov_API_Key"
            value = "t77D8C5BAvnvo0OFcMs30Pk0bEddRNaRIubPaO6m"
            isEnabled = "YES">
         </EnvironmentVariable>
         <EnvironmentVariable
            key = "OpenStates_API_Key"
            value = "b2fcc267-65bd-48c5-9d1b-ed7f28e2bacd"
            isEnabled = "YES">
         </EnvironmentVariable>
         <EnvironmentVariable
            key = "OpenSecrets_API_Key"
            value = "3959d0a9628e0e56f61530a0b074a055"
            isEnabled = "YES">
         </EnvironmentVariable>
         <EnvironmentVariable
            key = "NYT_API_Key"
            value = "v78neBnG5fkaNG5URUOQzKTC2VA1ANJP"
            isEnabled = "YES">
         </EnvironmentVariable>
      </EnvironmentVariables>
   </LaunchAction>
   <ProfileAction
      buildConfiguration = "Release"
      shouldUseLaunchSchemeArgsEnv = "YES"
      savedToolIdentifier = ""
      useCustomWorkingDirectory = "NO"
      debugDocumentVersioning = "YES">
      <BuildableProductRunnable
         runnableDebuggingMode = "0">
         <BuildableReference
            BuildableIdentifier = "primary"
            BlueprintIdentifier = "0F0E9A0A2A0B65E200E27010"
            BuildableName = "LegisLink.app"
            BlueprintName = "LegisLink"
            ReferencedContainer = "container:LegisLink.xcodeproj">
         </BuildableReference>
      </BuildableProductRunnable>
   </ProfileAction>
   <AnalyzeAction
      buildConfiguration = "Debug">
   </AnalyzeAction>
   <ArchiveAction
      buildConfiguration = "Release"
      revealArchiveInOrganizer = "YES">
   </ArchiveAction>
</Scheme>
